
Microsoft Visual Studio Solution File, Format Version 11.00
# Visual Studio 2010
Project("{FAE04EC0-301F-11D3-BF4B-00C04F79EFBC}") = "PhonePushByMe", "Assembly-CSharp.csproj", "{ABC3DC2E-9324-AAA3-3127-3A9C4FE93080}"
EndProject
Global
	GlobalSection(SolutionConfigurationPlatforms) = preSolution
		Debug|Any CPU = Debug|Any CPU
		Release|Any CPU = Release|Any CPU
	EndGlobalSection
	GlobalSection(ProjectConfigurationPlatforms) = postSolution
		{ABC3DC2E-9324-AAA3-3127-3A9C4FE93080}.Debug|Any CPU.ActiveCfg = Debug|Any CPU
		{ABC3DC2E-9324-AAA3-3127-3A9C4FE93080}.Debug|Any CPU.Build.0 = Debug|Any CPU
		{ABC3DC2E-9324-AAA3-3127-3A9C4FE93080}.Release|Any CPU.ActiveCfg = Release|Any CPU
		{ABC3DC2E-9324-AAA3-3127-3A9C4FE93080}.Release|Any CPU.Build.0 = Release|Any CPU
	EndGlobalSection
	GlobalSection(SolutionProperties) = preSolution
		HideSolutionNode = FALSE
	EndGlobalSection
	GlobalSection(MonoDevelopProperties) = preSolution
		StartupItem = Assembly-CSharp.csproj
	EndGlobalSection
EndGlobal
