
Microsoft Visual Studio Solution File, Format Version 11.00
# Visual Studio 2010
Project("{FAE04EC0-301F-11D3-BF4B-00C04F79EFBC}") = "UnityNativeShareProject", "Assembly-CSharp-firstpass.csproj", "{1D9D6B29-5CD0-6499-C8BC-83F0F817D7D3}"
EndProject
Project("{FAE04EC0-301F-11D3-BF4B-00C04F79EFBC}") = "UnityNativeShareProject", "Assembly-CSharp.csproj", "{7410E77F-D36F-25F1-E9BC-AF7F8440FB9F}"
EndProject
Global
	GlobalSection(SolutionConfigurationPlatforms) = preSolution
		Debug|Any CPU = Debug|Any CPU
		Release|Any CPU = Release|Any CPU
	EndGlobalSection
	GlobalSection(ProjectConfigurationPlatforms) = postSolution
		{1D9D6B29-5CD0-6499-C8BC-83F0F817D7D3}.Debug|Any CPU.ActiveCfg = Debug|Any CPU
		{1D9D6B29-5CD0-6499-C8BC-83F0F817D7D3}.Debug|Any CPU.Build.0 = Debug|Any CPU
		{1D9D6B29-5CD0-6499-C8BC-83F0F817D7D3}.Release|Any CPU.ActiveCfg = Release|Any CPU
		{1D9D6B29-5CD0-6499-C8BC-83F0F817D7D3}.Release|Any CPU.Build.0 = Release|Any CPU
		{7410E77F-D36F-25F1-E9BC-AF7F8440FB9F}.Debug|Any CPU.ActiveCfg = Debug|Any CPU
		{7410E77F-D36F-25F1-E9BC-AF7F8440FB9F}.Debug|Any CPU.Build.0 = Debug|Any CPU
		{7410E77F-D36F-25F1-E9BC-AF7F8440FB9F}.Release|Any CPU.ActiveCfg = Release|Any CPU
		{7410E77F-D36F-25F1-E9BC-AF7F8440FB9F}.Release|Any CPU.Build.0 = Release|Any CPU
	EndGlobalSection
	GlobalSection(SolutionProperties) = preSolution
		HideSolutionNode = FALSE
	EndGlobalSection
	GlobalSection(MonoDevelopProperties) = preSolution
		StartupItem = Assembly-CSharp.csproj
	EndGlobalSection
EndGlobal
